
Microsoft Visual Studio Solution File, Format Version 12.00
# Visual Studio Version 17
VisualStudioVersion = 17.5.002.0
MinimumVisualStudioVersion = 10.0.40219.1
Project("{9A19103F-16F7-4668-BE54-9A1E7A4F7556}") = "VueBase", "VueBase.csproj", "{805666CC-A18D-4E84-B705-F93C06C4233F}"
EndProject
Global
	GlobalSection(SolutionConfigurationPlatforms) = preSolution
		Debug|Any CPU = Debug|Any CPU
		Release|Any CPU = Release|Any CPU
	EndGlobalSection
	GlobalSection(ProjectConfigurationPlatforms) = postSolution
		{805666CC-A18D-4E84-B705-F93C06C4233F}.Debug|Any CPU.ActiveCfg = Debug|Any CPU
		{805666CC-A18D-4E84-B705-F93C06C4233F}.Debug|Any CPU.Build.0 = Debug|Any CPU
		{805666CC-A18D-4E84-B705-F93C06C4233F}.Release|Any CPU.ActiveCfg = Release|Any CPU
		{805666CC-A18D-4E84-B705-F93C06C4233F}.Release|Any CPU.Build.0 = Release|Any CPU
	EndGlobalSection
	GlobalSection(SolutionProperties) = preSolution
		HideSolutionNode = FALSE
	EndGlobalSection
	GlobalSection(ExtensibilityGlobals) = postSolution
		SolutionGuid = {85FE3BDA-F648-4BC4-A7DE-AC5924597FBD}
	EndGlobalSection
EndGlobal
